// !$*UTF8*$!
{
	archiveVersion = 1;
	classes = {
	};
	objectVersion = 55;
	objects = {

/* Begin PBXBuildFile section */
		666F8AC0118137CB499D0E53 /* Pods_Networking.framework in Frameworks */ = {isa = PBXBuildFile; fileRef = D2E421277ADBF5CC5230AA7A /* Pods_Networking.framework */; };
		76597B4F2920E9B800F1561B /* AppDelegate.swift in Sources */ = {isa = PBXBuildFile; fileRef = 76597B4E2920E9B800F1561B /* AppDelegate.swift */; };
		76597B512920E9B800F1561B /* SceneDelegate.swift in Sources */ = {isa = PBXBuildFile; fileRef = 76597B502920E9B800F1561B /* SceneDelegate.swift */; };
		76597B532920E9B800F1561B /* ViewController.swift in Sources */ = {isa = PBXBuildFile; fileRef = 76597B522920E9B800F1561B /* ViewController.swift */; };
		76597B562920E9B800F1561B /* Main.storyboard in Resources */ = {isa = PBXBuildFile; fileRef = 76597B542920E9B800F1561B /* Main.storyboard */; };
		76597B582920E9BA00F1561B /* Assets.xcassets in Resources */ = {isa = PBXBuildFile; fileRef = 76597B572920E9BA00F1561B /* Assets.xcassets */; };
		76597B5B2920E9BA00F1561B /* LaunchScreen.storyboard in Resources */ = {isa = PBXBuildFile; fileRef = 76597B592920E9BA00F1561B /* LaunchScreen.storyboard */; };
		76597B662921002E00F1561B /* DataModel.swift in Sources */ = {isa = PBXBuildFile; fileRef = 76597B652921002E00F1561B /* DataModel.swift */; };
		76597B6C2921039000F1561B /* Cell.swift in Sources */ = {isa = PBXBuildFile; fileRef = 76597B6A2921039000F1561B /* Cell.swift */; };
		76597B6D2921039000F1561B /* Cell.xib in Resources */ = {isa = PBXBuildFile; fileRef = 76597B6B2921039000F1561B /* Cell.xib */; };
		76597B722921256C00F1561B /* JSONString.swift in Sources */ = {isa = PBXBuildFile; fileRef = 76597B712921256C00F1561B /* JSONString.swift */; };
		76597B74292125F400F1561B /* JSONModel.swift in Sources */ = {isa = PBXBuildFile; fileRef = 76597B73292125F400F1561B /* JSONModel.swift */; };
/* End PBXBuildFile section */

/* Begin PBXFileReference section */
		76597B4B2920E9B800F1561B /* Networking.app */ = {isa = PBXFileReference; explicitFileType = wrapper.application; includeInIndex = 0; path = Networking.app; sourceTree = BUILT_PRODUCTS_DIR; };
		76597B4E2920E9B800F1561B /* AppDelegate.swift */ = {isa = PBXFileReference; lastKnownFileType = sourcecode.swift; path = AppDelegate.swift; sourceTree = "<group>"; };
		76597B502920E9B800F1561B /* SceneDelegate.swift */ = {isa = PBXFileReference; lastKnownFileType = sourcecode.swift; path = SceneDelegate.swift; sourceTree = "<group>"; };
		76597B522920E9B800F1561B /* ViewController.swift */ = {isa = PBXFileReference; lastKnownFileType = sourcecode.swift; path = ViewController.swift; sourceTree = "<group>"; };
		76597B552920E9B800F1561B /* Base */ = {isa = PBXFileReference; lastKnownFileType = file.storyboard; name = Base; path = Base.lproj/Main.storyboard; sourceTree = "<group>"; };
		76597B572920E9BA00F1561B /* Assets.xcassets */ = {isa = PBXFileReference; lastKnownFileType = folder.assetcatalog; path = Assets.xcassets; sourceTree = "<group>"; };
		76597B5A2920E9BA00F1561B /* Base */ = {isa = PBXFileReference; lastKnownFileType = file.storyboard; name = Base; path = Base.lproj/LaunchScreen.storyboard; sourceTree = "<group>"; };
		76597B5C2920E9BA00F1561B /* Info.plist */ = {isa = PBXFileReference; lastKnownFileType = text.plist.xml; path = Info.plist; sourceTree = "<group>"; };
		76597B652921002E00F1561B /* DataModel.swift */ = {isa = PBXFileReference; lastKnownFileType = sourcecode.swift; path = DataModel.swift; sourceTree = "<group>"; };
		76597B6A2921039000F1561B /* Cell.swift */ = {isa = PBXFileReference; lastKnownFileType = sourcecode.swift; path = Cell.swift; sourceTree = "<group>"; };
		76597B6B2921039000F1561B /* Cell.xib */ = {isa = PBXFileReference; lastKnownFileType = file.xib; path = Cell.xib; sourceTree = "<group>"; };
		76597B712921256C00F1561B /* JSONString.swift */ = {isa = PBXFileReference; lastKnownFileType = sourcecode.swift; path = JSONString.swift; sourceTree = "<group>"; };
		76597B73292125F400F1561B /* JSONModel.swift */ = {isa = PBXFileReference; lastKnownFileType = sourcecode.swift; path = JSONModel.swift; sourceTree = "<group>"; };
		7A5EC8F70B5283F5D900D307 /* Pods-Networking.debug.xcconfig */ = {isa = PBXFileReference; includeInIndex = 1; lastKnownFileType = text.xcconfig; name = "Pods-Networking.debug.xcconfig"; path = "Target Support Files/Pods-Networking/Pods-Networking.debug.xcconfig"; sourceTree = "<group>"; };
		D2E421277ADBF5CC5230AA7A /* Pods_Networking.framework */ = {isa = PBXFileReference; explicitFileType = wrapper.framework; includeInIndex = 0; path = Pods_Networking.framework; sourceTree = BUILT_PRODUCTS_DIR; };
		D5C3FDB74D13AE3D4005427A /* Pods-Networking.release.xcconfig */ = {isa = PBXFileReference; includeInIndex = 1; lastKnownFileType = text.xcconfig; name = "Pods-Networking.release.xcconfig"; path = "Target Support Files/Pods-Networking/Pods-Networking.release.xcconfig"; sourceTree = "<group>"; };
/* End PBXFileReference section */

/* Begin PBXFrameworksBuildPhase section */
		76597B482920E9B800F1561B /* Frameworks */ = {
			isa = PBXFrameworksBuildPhase;
			buildActionMask = 2147483647;
			files = (
				666F8AC0118137CB499D0E53 /* Pods_Networking.framework in Frameworks */,
			);
			runOnlyForDeploymentPostprocessing = 0;
		};
/* End PBXFrameworksBuildPhase section */

/* Begin PBXGroup section */
		76597B422920E9B800F1561B = {
			isa = PBXGroup;
			children = (
				76597B4D2920E9B800F1561B /* Networking */,
				76597B4C2920E9B800F1561B /* Products */,
				9E165AC701A6575A02CFFB26 /* Pods */,
				88457D2140D8923820517686 /* Frameworks */,
			);
			sourceTree = "<group>";
		};
		76597B4C2920E9B800F1561B /* Products */ = {
			isa = PBXGroup;
			children = (
				76597B4B2920E9B800F1561B /* Networking.app */,
			);
			name = Products;
			sourceTree = "<group>";
		};
		76597B4D2920E9B800F1561B /* Networking */ = {
			isa = PBXGroup;
			children = (
				76597B642920EA0900F1561B /* Supporting Files */,
				76597B632920E9E600F1561B /* Resources */,
				76597B622920E9DE00F1561B /* Sources */,
			);
			path = Networking;
			sourceTree = "<group>";
		};
		76597B622920E9DE00F1561B /* Sources */ = {
			isa = PBXGroup;
			children = (
				76597B652921002E00F1561B /* DataModel.swift */,
				76597B522920E9B800F1561B /* ViewController.swift */,
				76597B502920E9B800F1561B /* SceneDelegate.swift */,
				76597B4E2920E9B800F1561B /* AppDelegate.swift */,
				76597B6A2921039000F1561B /* Cell.swift */,
				76597B6B2921039000F1561B /* Cell.xib */,
				76597B712921256C00F1561B /* JSONString.swift */,
				76597B73292125F400F1561B /* JSONModel.swift */,
			);
			path = Sources;
			sourceTree = "<group>";
		};
		76597B632920E9E600F1561B /* Resources */ = {
			isa = PBXGroup;
			children = (
				76597B542920E9B800F1561B /* Main.storyboard */,
				76597B572920E9BA00F1561B /* Assets.xcassets */,
				76597B592920E9BA00F1561B /* LaunchScreen.storyboard */,
			);
			path = Resources;
			sourceTree = "<group>";
		};
		76597B642920EA0900F1561B /* Supporting Files */ = {
			isa = PBXGroup;
			children = (
				76597B5C2920E9BA00F1561B /* Info.plist */,
			);
			path = "Supporting Files";
			sourceTree = "<group>";
		};
		88457D2140D8923820517686 /* Frameworks */ = {
			isa = PBXGroup;
			children = (
				D2E421277ADBF5CC5230AA7A /* Pods_Networking.framework */,
			);
			name = Frameworks;
			sourceTree = "<group>";
		};
		9E165AC701A6575A02CFFB26 /* Pods */ = {
			isa = PBXGroup;
			children = (
				7A5EC8F70B5283F5D900D307 /* Pods-Networking.debug.xcconfig */,
				D5C3FDB74D13AE3D4005427A /* Pods-Networking.release.xcconfig */,
			);
			path = Pods;
			sourceTree = "<group>";
		};
/* End PBXGroup section */

/* Begin PBXNativeTarget section */
		76597B4A2920E9B800F1561B /* Networking */ = {
			isa = PBXNativeTarget;
			buildConfigurationList = 76597B5F2920E9BA00F1561B /* Build configuration list for PBXNativeTarget "Networking" */;
			buildPhases = (
				DB27EA73C1B18DD4FEBA7B6E /* [CP] Check Pods Manifest.lock */,
				76597B472920E9B800F1561B /* Sources */,
				76597B482920E9B800F1561B /* Frameworks */,
				76597B492920E9B800F1561B /* Resources */,
				1117B1935D70FA6A9C1D971A /* [CP] Embed Pods Frameworks */,
			);
			buildRules = (
			);
			dependencies = (
			);
			name = Networking;
			productName = Networking;
			productReference = 76597B4B2920E9B800F1561B /* Networking.app */;
			productType = "com.apple.product-type.application";
		};
/* End PBXNativeTarget section */

/* Begin PBXProject section */
		76597B432920E9B800F1561B /* Project object */ = {
			isa = PBXProject;
			attributes = {
				BuildIndependentTargetsInParallel = 1;
				LastSwiftUpdateCheck = 1400;
				LastUpgradeCheck = 1400;
				TargetAttributes = {
					76597B4A2920E9B800F1561B = {
						CreatedOnToolsVersion = 14.0.1;
					};
				};
			};
			buildConfigurationList = 76597B462920E9B800F1561B /* Build configuration list for PBXProject "Networking" */;
			compatibilityVersion = "Xcode 13.0";
			developmentRegion = en;
			hasScannedForEncodings = 0;
			knownRegions = (
				en,
				Base,
			);
			mainGroup = 76597B422920E9B800F1561B;
			productRefGroup = 76597B4C2920E9B800F1561B /* Products */;
			projectDirPath = "";
			projectRoot = "";
			targets = (
				76597B4A2920E9B800F1561B /* Networking */,
			);
		};
/* End PBXProject section */

/* Begin PBXResourcesBuildPhase section */
		76597B492920E9B800F1561B /* Resources */ = {
			isa = PBXResourcesBuildPhase;
			buildActionMask = 2147483647;
			files = (
				76597B5B2920E9BA00F1561B /* LaunchScreen.storyboard in Resources */,
				76597B6D2921039000F1561B /* Cell.xib in Resources */,
				76597B582920E9BA00F1561B /* Assets.xcassets in Resources */,
				76597B562920E9B800F1561B /* Main.storyboard in Resources */,
			);
			runOnlyForDeploymentPostprocessing = 0;
		};
/* End PBXResourcesBuildPhase section */

/* Begin PBXShellScriptBuildPhase section */
		1117B1935D70FA6A9C1D971A /* [CP] Embed Pods Frameworks */ = {
			isa = PBXShellScriptBuildPhase;
			buildActionMask = 2147483647;
			files = (
			);
			inputFileListPaths = (
				"${PODS_ROOT}/Target Support Files/Pods-Networking/Pods-Networking-frameworks-${CONFIGURATION}-input-files.xcfilelist",
			);
			name = "[CP] Embed Pods Frameworks";
			outputFileListPaths = (
				"${PODS_ROOT}/Target Support Files/Pods-Networking/Pods-Networking-frameworks-${CONFIGURATION}-output-files.xcfilelist",
			);
			runOnlyForDeploymentPostprocessing = 0;
			shellPath = /bin/sh;
			shellScript = "\"${PODS_ROOT}/Target Support Files/Pods-Networking/Pods-Networking-frameworks.sh\"\n";
			showEnvVarsInLog = 0;
		};
		DB27EA73C1B18DD4FEBA7B6E /* [CP] Check Pods Manifest.lock */ = {
			isa = PBXShellScriptBuildPhase;
			buildActionMask = 2147483647;
			files = (
			);
			inputFileListPaths = (
			);
			inputPaths = (
				"${PODS_PODFILE_DIR_PATH}/Podfile.lock",
				"${PODS_ROOT}/Manifest.lock",
			);
			name = "[CP] Check Pods Manifest.lock";
			outputFileListPaths = (
			);
			outputPaths = (
				"$(DERIVED_FILE_DIR)/Pods-Networking-checkManifestLockResult.txt",
			);
			runOnlyForDeploymentPostprocessing = 0;
			shellPath = /bin/sh;
			shellScript = "diff \"${PODS_PODFILE_DIR_PATH}/Podfile.lock\" \"${PODS_ROOT}/Manifest.lock\" > /dev/null\nif [ $? != 0 ] ; then\n    # print error to STDERR\n    echo \"error: The sandbox is not in sync with the Podfile.lock. Run 'pod install' or update your CocoaPods installation.\" >&2\n    exit 1\nfi\n# This output is used by Xcode 'outputs' to avoid re-running this script phase.\necho \"SUCCESS\" > \"${SCRIPT_OUTPUT_FILE_0}\"\n";
			showEnvVarsInLog = 0;
		};
/* End PBXShellScriptBuildPhase section */

/* Begin PBXSourcesBuildPhase section */
		76597B472920E9B800F1561B /* Sources */ = {
			isa = PBXSourcesBuildPhase;
			buildActionMask = 2147483647;
			files = (
				76597B6C2921039000F1561B /* Cell.swift in Sources */,
				76597B532920E9B800F1561B /* ViewController.swift in Sources */,
				76597B662921002E00F1561B /* DataModel.swift in Sources */,
				76597B4F2920E9B800F1561B /* AppDelegate.swift in Sources */,
				76597B74292125F400F1561B /* JSONModel.swift in Sources */,
				76597B722921256C00F1561B /* JSONString.swift in Sources */,
				76597B512920E9B800F1561B /* SceneDelegate.swift in Sources */,
			);
			runOnlyForDeploymentPostprocessing = 0;
		};
/* End PBXSourcesBuildPhase section */

/* Begin PBXVariantGroup section */
		76597B542920E9B800F1561B /* Main.storyboard */ = {
			isa = PBXVariantGroup;
			children = (
				76597B552920E9B800F1561B /* Base */,
			);
			name = Main.storyboard;
			sourceTree = "<group>";
		};
		76597B592920E9BA00F1561B /* LaunchScreen.storyboard */ = {
			isa = PBXVariantGroup;
			children = (
				76597B5A2920E9BA00F1561B /* Base */,
			);
			name = LaunchScreen.storyboard;
			sourceTree = "<group>";
		};
/* End PBXVariantGroup section */

/* Begin XCBuildConfiguration section */
		76597B5D2920E9BA00F1561B /* Debug */ = {
			isa = XCBuildConfiguration;
			buildSettings = {
				ALWAYS_SEARCH_USER_PATHS = NO;
				CLANG_ANALYZER_NONNULL = YES;
				CLANG_ANALYZER_NUMBER_OBJECT_CONVERSION = YES_AGGRESSIVE;
				CLANG_CXX_LANGUAGE_STANDARD = "gnu++20";
				CLANG_ENABLE_MODULES = YES;
				CLANG_ENABLE_OBJC_ARC = YES;
				CLANG_ENABLE_OBJC_WEAK = YES;
				CLANG_WARN_BLOCK_CAPTURE_AUTORELEASING = YES;
				CLANG_WARN_BOOL_CONVERSION = YES;
				CLANG_WARN_COMMA = YES;
				CLANG_WARN_CONSTANT_CONVERSION = YES;
				CLANG_WARN_DEPRECATED_OBJC_IMPLEMENTATIONS = YES;
				CLANG_WARN_DIRECT_OBJC_ISA_USAGE = YES_ERROR;
				CLANG_WARN_DOCUMENTATION_COMMENTS = YES;
				CLANG_WARN_EMPTY_BODY = YES;
				CLANG_WARN_ENUM_CONVERSION = YES;
				CLANG_WARN_INFINITE_RECURSION = YES;
				CLANG_WARN_INT_CONVERSION = YES;
				CLANG_WARN_NON_LITERAL_NULL_CONVERSION = YES;
				CLANG_WARN_OBJC_IMPLICIT_RETAIN_SELF = YES;
				CLANG_WARN_OBJC_LITERAL_CONVERSION = YES;
				CLANG_WARN_OBJC_ROOT_CLASS = YES_ERROR;
				CLANG_WARN_QUOTED_INCLUDE_IN_FRAMEWORK_HEADER = YES;
				CLANG_WARN_RANGE_LOOP_ANALYSIS = YES;
				CLANG_WARN_STRICT_PROTOTYPES = YES;
				CLANG_WARN_SUSPICIOUS_MOVE = YES;
				CLANG_WARN_UNGUARDED_AVAILABILITY = YES_AGGRESSIVE;
				CLANG_WARN_UNREACHABLE_CODE = YES;
				CLANG_WARN__DUPLICATE_METHOD_MATCH = YES;
				COPY_PHASE_STRIP = NO;
				DEBUG_INFORMATION_FORMAT = dwarf;
				ENABLE_STRICT_OBJC_MSGSEND = YES;
				ENABLE_TESTABILITY = YES;
				GCC_C_LANGUAGE_STANDARD = gnu11;
				GCC_DYNAMIC_NO_PIC = NO;
				GCC_NO_COMMON_BLOCKS = YES;
				GCC_OPTIMIZATION_LEVEL = 0;
				GCC_PREPROCESSOR_DEFINITIONS = (
					"DEBUG=1",
					"$(inherited)",
				);
				GCC_WARN_64_TO_32_BIT_CONVERSION = YES;
				GCC_WARN_ABOUT_RETURN_TYPE = YES_ERROR;
				GCC_WARN_UNDECLARED_SELECTOR = YES;
				GCC_WARN_UNINITIALIZED_AUTOS = YES_AGGRESSIVE;
				GCC_WARN_UNUSED_FUNCTION = YES;
				GCC_WARN_UNUSED_VARIABLE = YES;
				IPHONEOS_DEPLOYMENT_TARGET = 16.0;
				MTL_ENABLE_DEBUG_INFO = INCLUDE_SOURCE;
				MTL_FAST_MATH = YES;
				ONLY_ACTIVE_ARCH = YES;
				SDKROOT = iphoneos;
				SWIFT_ACTIVE_COMPILATION_CONDITIONS = DEBUG;
				SWIFT_OPTIMIZATION_LEVEL = "-Onone";
			};
			name = Debug;
		};
		76597B5E2920E9BA00F1561B /* Release */ = {
			isa = XCBuildConfiguration;
			buildSettings = {
				ALWAYS_SEARCH_USER_PATHS = NO;
				CLANG_ANALYZER_NONNULL = YES;
				CLANG_ANALYZER_NUMBER_OBJECT_CONVERSION = YES_AGGRESSIVE;
				CLANG_CXX_LANGUAGE_STANDARD = "gnu++20";
				CLANG_ENABLE_MODULES = YES;
				CLANG_ENABLE_OBJC_ARC = YES;
				CLANG_ENABLE_OBJC_WEAK = YES;
				CLANG_WARN_BLOCK_CAPTURE_AUTORELEASING = YES;
				CLANG_WARN_BOOL_CONVERSION = YES;
				CLANG_WARN_COMMA = YES;
				CLANG_WARN_CONSTANT_CONVERSION = YES;
				CLANG_WARN_DEPRECATED_OBJC_IMPLEMENTATIONS = YES;
				CLANG_WARN_DIRECT_OBJC_ISA_USAGE = YES_ERROR;
				CLANG_WARN_DOCUMENTATION_COMMENTS = YES;
				CLANG_WARN_EMPTY_BODY = YES;
				CLANG_WARN_ENUM_CONVERSION = YES;
				CLANG_WARN_INFINITE_RECURSION = YES;
				CLANG_WARN_INT_CONVERSION = YES;
				CLANG_WARN_NON_LITERAL_NULL_CONVERSION = YES;
				CLANG_WARN_OBJC_IMPLICIT_RETAIN_SELF = YES;
				CLANG_WARN_OBJC_LITERAL_CONVERSION = YES;
				CLANG_WARN_OBJC_ROOT_CLASS = YES_ERROR;
				CLANG_WARN_QUOTED_INCLUDE_IN_FRAMEWORK_HEADER = YES;
				CLANG_WARN_RANGE_LOOP_ANALYSIS = YES;
				CLANG_WARN_STRICT_PROTOTYPES = YES;
				CLANG_WARN_SUSPICIOUS_MOVE = YES;
				CLANG_WARN_UNGUARDED_AVAILABILITY = YES_AGGRESSIVE;
				CLANG_WARN_UNREACHABLE_CODE = YES;
				CLANG_WARN__DUPLICATE_METHOD_MATCH = YES;
				COPY_PHASE_STRIP = NO;
				DEBUG_INFORMATION_FORMAT = "dwarf-with-dsym";
				ENABLE_NS_ASSERTIONS = NO;
				ENABLE_STRICT_OBJC_MSGSEND = YES;
				GCC_C_LANGUAGE_STANDARD = gnu11;
				GCC_NO_COMMON_BLOCKS = YES;
				GCC_WARN_64_TO_32_BIT_CONVERSION = YES;
				GCC_WARN_ABOUT_RETURN_TYPE = YES_ERROR;
				GCC_WARN_UNDECLARED_SELECTOR = YES;
				GCC_WARN_UNINITIALIZED_AUTOS = YES_AGGRESSIVE;
				GCC_WARN_UNUSED_FUNCTION = YES;
				GCC_WARN_UNUSED_VARIABLE = YES;
				IPHONEOS_DEPLOYMENT_TARGET = 16.0;
				MTL_ENABLE_DEBUG_INFO = NO;
				MTL_FAST_MATH = YES;
				SDKROOT = iphoneos;
				SWIFT_COMPILATION_MODE = wholemodule;
				SWIFT_OPTIMIZATION_LEVEL = "-O";
				VALIDATE_PRODUCT = YES;
			};
			name = Release;
		};
		76597B602920E9BA00F1561B /* Debug */ = {
			isa = XCBuildConfiguration;
			baseConfigurationReference = 7A5EC8F70B5283F5D900D307 /* Pods-Networking.debug.xcconfig */;
			buildSettings = {
				ASSETCATALOG_COMPILER_APPICON_NAME = AppIcon;
				ASSETCATALOG_COMPILER_GLOBAL_ACCENT_COLOR_NAME = AccentColor;
				CODE_SIGN_STYLE = Automatic;
				CURRENT_PROJECT_VERSION = 1;
				DEVELOPMENT_TEAM = Y7PRM9H29K;
				GENERATE_INFOPLIST_FILE = YES;
				INFOPLIST_FILE = "Networking/Supporting Files/Info.plist";
				INFOPLIST_KEY_UIApplicationSupportsIndirectInputEvents = YES;
				INFOPLIST_KEY_UILaunchStoryboardName = LaunchScreen;
				INFOPLIST_KEY_UIMainStoryboardFile = Main;
				INFOPLIST_KEY_UISupportedInterfaceOrientations_iPad = "UIInterfaceOrientationPortrait UIInterfaceOrientationPortraitUpsideDown UIInterfaceOrientationLandscapeLeft UIInterfaceOrientationLandscapeRight";
				INFOPLIST_KEY_UISupportedInterfaceOrientations_iPhone = "UIInterfaceOrientationPortrait UIInterfaceOrientationLandscapeLeft UIInterfaceOrientationLandscapeRight";
				LD_RUNPATH_SEARCH_PATHS = (
					"$(inherited)",
					"@executable_path/Frameworks",
				);
				MARKETING_VERSION = 1.0;
				PRODUCT_BUNDLE_IDENTIFIER = com.ojun.Networking;
				PRODUCT_NAME = "$(TARGET_NAME)";
				SWIFT_EMIT_LOC_STRINGS = YES;
				SWIFT_VERSION = 5.0;
				TARGETED_DEVICE_FAMILY = "1,2";
			};
			name = Debug;
		};
		76597B612920E9BA00F1561B /* Release */ = {
			isa = XCBuildConfiguration;
			baseConfigurationReference = D5C3FDB74D13AE3D4005427A /* Pods-Networking.release.xcconfig */;
			buildSettings = {
				ASSETCATALOG_COMPILER_APPICON_NAME = AppIcon;
				ASSETCATALOG_COMPILER_GLOBAL_ACCENT_COLOR_NAME = AccentColor;
				CODE_SIGN_STYLE = Automatic;
				CURRENT_PROJECT_VERSION = 1;
				DEVELOPMENT_TEAM = Y7PRM9H29K;
				GENERATE_INFOPLIST_FILE = YES;
				INFOPLIST_FILE = "Networking/Supporting Files/Info.plist";
				INFOPLIST_KEY_UIApplicationSupportsIndirectInputEvents = YES;
				INFOPLIST_KEY_UILaunchStoryboardName = LaunchScreen;
				INFOPLIST_KEY_UIMainStoryboardFile = Main;
				INFOPLIST_KEY_UISupportedInterfaceOrientations_iPad = "UIInterfaceOrientationPortrait UIInterfaceOrientationPortraitUpsideDown UIInterfaceOrientationLandscapeLeft UIInterfaceOrientationLandscapeRight";
				INFOPLIST_KEY_UISupportedInterfaceOrientations_iPhone = "UIInterfaceOrientationPortrait UIInterfaceOrientationLandscapeLeft UIInterfaceOrientationLandscapeRight";
				LD_RUNPATH_SEARCH_PATHS = (
					"$(inherited)",
					"@executable_path/Frameworks",
				);
				MARKETING_VERSION = 1.0;
				PRODUCT_BUNDLE_IDENTIFIER = com.ojun.Networking;
				PRODUCT_NAME = "$(TARGET_NAME)";
				SWIFT_EMIT_LOC_STRINGS = YES;
				SWIFT_VERSION = 5.0;
				TARGETED_DEVICE_FAMILY = "1,2";
			};
			name = Release;
		};
/* End XCBuildConfiguration section */

/* Begin XCConfigurationList section */
		76597B462920E9B800F1561B /* Build configuration list for PBXProject "Networking" */ = {
			isa = XCConfigurationList;
			buildConfigurations = (
				76597B5D2920E9BA00F1561B /* Debug */,
				76597B5E2920E9BA00F1561B /* Release */,
			);
			defaultConfigurationIsVisible = 0;
			defaultConfigurationName = Release;
		};
		76597B5F2920E9BA00F1561B /* Build configuration list for PBXNativeTarget "Networking" */ = {
			isa = XCConfigurationList;
			buildConfigurations = (
				76597B602920E9BA00F1561B /* Debug */,
				76597B612920E9BA00F1561B /* Release */,
			);
			defaultConfigurationIsVisible = 0;
			defaultConfigurationName = Release;
		};
/* End XCConfigurationList section */
	};
	rootObject = 76597B432920E9B800F1561B /* Project object */;
}
