// !$*UTF8*$!
{
	archiveVersion = 1;
	classes = {
	};
	objectVersion = 55;
	objects = {

/* Begin PBXBuildFile section */
		76A2031028FC5DD00055727E /* AppDelegate.swift in Sources */ = {isa = PBXBuildFile; fileRef = 76A2030F28FC5DD00055727E /* AppDelegate.swift */; };
		76A2031228FC5DD00055727E /* SceneDelegate.swift in Sources */ = {isa = PBXBuildFile; fileRef = 76A2031128FC5DD00055727E /* SceneDelegate.swift */; };
		76A2031428FC5DD00055727E /* HomeVC.swift in Sources */ = {isa = PBXBuildFile; fileRef = 76A2031328FC5DD00055727E /* HomeVC.swift */; };
		76A2031928FC5DD20055727E /* Assets.xcassets in Resources */ = {isa = PBXBuildFile; fileRef = 76A2031828FC5DD20055727E /* Assets.xcassets */; };
		76A2032B28FC667B0055727E /* TodoListCell.swift in Sources */ = {isa = PBXBuildFile; fileRef = 76A2032928FC667B0055727E /* TodoListCell.swift */; };
		76E7DD17292A1BF400CF21DC /* BaseVC.swift in Sources */ = {isa = PBXBuildFile; fileRef = 76E7DD16292A1BF400CF21DC /* BaseVC.swift */; };
		76E7DD1A292A1F2400CF21DC /* Main.storyboard in Resources */ = {isa = PBXBuildFile; fileRef = 76E7DD19292A1F2400CF21DC /* Main.storyboard */; };
		76E7DD1C292A229600CF21DC /* UIViewController++.swift in Sources */ = {isa = PBXBuildFile; fileRef = 76E7DD1B292A229600CF21DC /* UIViewController++.swift */; };
		76E7DD23292A450200CF21DC /* Todo.swift in Sources */ = {isa = PBXBuildFile; fileRef = 76E7DD22292A450200CF21DC /* Todo.swift */; };
		76E7DD25292A531200CF21DC /* Member.swift in Sources */ = {isa = PBXBuildFile; fileRef = 76E7DD24292A531200CF21DC /* Member.swift */; };
		76E7DD2A292A544A00CF21DC /* LoginManager.swift in Sources */ = {isa = PBXBuildFile; fileRef = 76E7DD29292A544A00CF21DC /* LoginManager.swift */; };
		76E7DD2D292A58E700CF21DC /* Address.swift in Sources */ = {isa = PBXBuildFile; fileRef = 76E7DD2C292A58E700CF21DC /* Address.swift */; };
		76E7DD2F292A597300CF21DC /* ServiceAPI.swift in Sources */ = {isa = PBXBuildFile; fileRef = 76E7DD2E292A597300CF21DC /* ServiceAPI.swift */; };
		76E7DD3C292A612100CF21DC /* BaseURL.swift in Sources */ = {isa = PBXBuildFile; fileRef = 76E7DD3B292A612100CF21DC /* BaseURL.swift */; };
		76E7DD3F292A62BB00CF21DC /* LoginVC.swift in Sources */ = {isa = PBXBuildFile; fileRef = 76E7DD3E292A62BB00CF21DC /* LoginVC.swift */; };
		76E7DD43292A63DF00CF21DC /* UIView++.swift in Sources */ = {isa = PBXBuildFile; fileRef = 76E7DD42292A63DF00CF21DC /* UIView++.swift */; };
		76E7DD45292A643900CF21DC /* InputView.swift in Sources */ = {isa = PBXBuildFile; fileRef = 76E7DD44292A643900CF21DC /* InputView.swift */; };
		76E7DD47292A686500CF21DC /* UITextField++.swift in Sources */ = {isa = PBXBuildFile; fileRef = 76E7DD46292A686500CF21DC /* UITextField++.swift */; };
		76E7DD4B292A773C00CF21DC /* RegisterVC.swift in Sources */ = {isa = PBXBuildFile; fileRef = 76E7DD4A292A773C00CF21DC /* RegisterVC.swift */; };
		76E7DD54292A807600CF21DC /* DetailTodoVC.swift in Sources */ = {isa = PBXBuildFile; fileRef = 76E7DD53292A807600CF21DC /* DetailTodoVC.swift */; };
		76E7DD56292A914800CF21DC /* String++.swift in Sources */ = {isa = PBXBuildFile; fileRef = 76E7DD55292A914800CF21DC /* String++.swift */; };
		76E7DD5D292A93EB00CF21DC /* UIColor++.swift in Sources */ = {isa = PBXBuildFile; fileRef = 76E7DD5C292A93EB00CF21DC /* UIColor++.swift */; };
		D520E2958B674C930C8E6FA5 /* Pods_TodoList.framework in Frameworks */ = {isa = PBXBuildFile; fileRef = 03E7FA33A45EED0B04294BC1 /* Pods_TodoList.framework */; };
/* End PBXBuildFile section */

/* Begin PBXFileReference section */
		03E7FA33A45EED0B04294BC1 /* Pods_TodoList.framework */ = {isa = PBXFileReference; explicitFileType = wrapper.framework; includeInIndex = 0; path = Pods_TodoList.framework; sourceTree = BUILT_PRODUCTS_DIR; };
		76A2030C28FC5DD00055727E /* TodoList.app */ = {isa = PBXFileReference; explicitFileType = wrapper.application; includeInIndex = 0; path = TodoList.app; sourceTree = BUILT_PRODUCTS_DIR; };
		76A2030F28FC5DD00055727E /* AppDelegate.swift */ = {isa = PBXFileReference; lastKnownFileType = sourcecode.swift; path = AppDelegate.swift; sourceTree = "<group>"; };
		76A2031128FC5DD00055727E /* SceneDelegate.swift */ = {isa = PBXFileReference; lastKnownFileType = sourcecode.swift; path = SceneDelegate.swift; sourceTree = "<group>"; };
		76A2031328FC5DD00055727E /* HomeVC.swift */ = {isa = PBXFileReference; lastKnownFileType = sourcecode.swift; path = HomeVC.swift; sourceTree = "<group>"; };
		76A2031828FC5DD20055727E /* Assets.xcassets */ = {isa = PBXFileReference; lastKnownFileType = folder.assetcatalog; path = Assets.xcassets; sourceTree = "<group>"; };
		76A2031D28FC5DD20055727E /* Info.plist */ = {isa = PBXFileReference; lastKnownFileType = text.plist.xml; path = Info.plist; sourceTree = "<group>"; };
		76A2032928FC667B0055727E /* TodoListCell.swift */ = {isa = PBXFileReference; lastKnownFileType = sourcecode.swift; path = TodoListCell.swift; sourceTree = "<group>"; };
		76E7DD16292A1BF400CF21DC /* BaseVC.swift */ = {isa = PBXFileReference; lastKnownFileType = sourcecode.swift; path = BaseVC.swift; sourceTree = "<group>"; };
		76E7DD19292A1F2400CF21DC /* Main.storyboard */ = {isa = PBXFileReference; lastKnownFileType = file.storyboard; path = Main.storyboard; sourceTree = "<group>"; };
		76E7DD1B292A229600CF21DC /* UIViewController++.swift */ = {isa = PBXFileReference; lastKnownFileType = sourcecode.swift; path = "UIViewController++.swift"; sourceTree = "<group>"; };
		76E7DD22292A450200CF21DC /* Todo.swift */ = {isa = PBXFileReference; lastKnownFileType = sourcecode.swift; path = Todo.swift; sourceTree = "<group>"; };
		76E7DD24292A531200CF21DC /* Member.swift */ = {isa = PBXFileReference; lastKnownFileType = sourcecode.swift; path = Member.swift; sourceTree = "<group>"; };
		76E7DD29292A544A00CF21DC /* LoginManager.swift */ = {isa = PBXFileReference; lastKnownFileType = sourcecode.swift; path = LoginManager.swift; sourceTree = "<group>"; };
		76E7DD2C292A58E700CF21DC /* Address.swift */ = {isa = PBXFileReference; lastKnownFileType = sourcecode.swift; path = Address.swift; sourceTree = "<group>"; };
		76E7DD2E292A597300CF21DC /* ServiceAPI.swift */ = {isa = PBXFileReference; lastKnownFileType = sourcecode.swift; path = ServiceAPI.swift; sourceTree = "<group>"; };
		76E7DD3B292A612100CF21DC /* BaseURL.swift */ = {isa = PBXFileReference; lastKnownFileType = sourcecode.swift; path = BaseURL.swift; sourceTree = "<group>"; };
		76E7DD3E292A62BB00CF21DC /* LoginVC.swift */ = {isa = PBXFileReference; lastKnownFileType = sourcecode.swift; path = LoginVC.swift; sourceTree = "<group>"; };
		76E7DD42292A63DF00CF21DC /* UIView++.swift */ = {isa = PBXFileReference; lastKnownFileType = sourcecode.swift; path = "UIView++.swift"; sourceTree = "<group>"; };
		76E7DD44292A643900CF21DC /* InputView.swift */ = {isa = PBXFileReference; lastKnownFileType = sourcecode.swift; path = InputView.swift; sourceTree = "<group>"; };
		76E7DD46292A686500CF21DC /* UITextField++.swift */ = {isa = PBXFileReference; lastKnownFileType = sourcecode.swift; path = "UITextField++.swift"; sourceTree = "<group>"; };
		76E7DD4A292A773C00CF21DC /* RegisterVC.swift */ = {isa = PBXFileReference; lastKnownFileType = sourcecode.swift; path = RegisterVC.swift; sourceTree = "<group>"; };
		76E7DD53292A807600CF21DC /* DetailTodoVC.swift */ = {isa = PBXFileReference; lastKnownFileType = sourcecode.swift; path = DetailTodoVC.swift; sourceTree = "<group>"; };
		76E7DD55292A914800CF21DC /* String++.swift */ = {isa = PBXFileReference; lastKnownFileType = sourcecode.swift; path = "String++.swift"; sourceTree = "<group>"; };
		76E7DD5C292A93EB00CF21DC /* UIColor++.swift */ = {isa = PBXFileReference; lastKnownFileType = sourcecode.swift; path = "UIColor++.swift"; sourceTree = "<group>"; };
		80DAA40666FA62B48F59E73A /* Pods-TodoList.release.xcconfig */ = {isa = PBXFileReference; includeInIndex = 1; lastKnownFileType = text.xcconfig; name = "Pods-TodoList.release.xcconfig"; path = "Target Support Files/Pods-TodoList/Pods-TodoList.release.xcconfig"; sourceTree = "<group>"; };
		A6532AC127295B55142A5E53 /* Pods-TodoList.debug.xcconfig */ = {isa = PBXFileReference; includeInIndex = 1; lastKnownFileType = text.xcconfig; name = "Pods-TodoList.debug.xcconfig"; path = "Target Support Files/Pods-TodoList/Pods-TodoList.debug.xcconfig"; sourceTree = "<group>"; };
/* End PBXFileReference section */

/* Begin PBXFrameworksBuildPhase section */
		76A2030928FC5DD00055727E /* Frameworks */ = {
			isa = PBXFrameworksBuildPhase;
			buildActionMask = 2147483647;
			files = (
				D520E2958B674C930C8E6FA5 /* Pods_TodoList.framework in Frameworks */,
			);
			runOnlyForDeploymentPostprocessing = 0;
		};
/* End PBXFrameworksBuildPhase section */

/* Begin PBXGroup section */
		43939057F771E04D37D8581C /* Pods */ = {
			isa = PBXGroup;
			children = (
				A6532AC127295B55142A5E53 /* Pods-TodoList.debug.xcconfig */,
				80DAA40666FA62B48F59E73A /* Pods-TodoList.release.xcconfig */,
			);
			path = Pods;
			sourceTree = "<group>";
		};
		76A2030328FC5DD00055727E = {
			isa = PBXGroup;
			children = (
				76A2030E28FC5DD00055727E /* TodoList */,
				76A2030D28FC5DD00055727E /* Products */,
				43939057F771E04D37D8581C /* Pods */,
				BF0FBB9C2C20DD6E684C3D75 /* Frameworks */,
			);
			sourceTree = "<group>";
		};
		76A2030D28FC5DD00055727E /* Products */ = {
			isa = PBXGroup;
			children = (
				76A2030C28FC5DD00055727E /* TodoList.app */,
			);
			name = Products;
			sourceTree = "<group>";
		};
		76A2030E28FC5DD00055727E /* TodoList */ = {
			isa = PBXGroup;
			children = (
				76A2032528FC5DED0055727E /* Supporting Files */,
				76A2032428FC5DE50055727E /* Resources */,
				76A2032328FC5DDE0055727E /* Sources */,
			);
			path = TodoList;
			sourceTree = "<group>";
		};
		76A2032328FC5DDE0055727E /* Sources */ = {
			isa = PBXGroup;
			children = (
				76E7DD2B292A58C100CF21DC /* Networking */,
				76E7DD28292A543F00CF21DC /* Manager */,
				76E7DD21292A44F700CF21DC /* Model */,
				76E7DD18292A1D2300CF21DC /* Extensions */,
				76E7DD15292A1BE200CF21DC /* Presentation */,
				76E7DD14292A1BD400CF21DC /* Base */,
				76A2030F28FC5DD00055727E /* AppDelegate.swift */,
				76A2031128FC5DD00055727E /* SceneDelegate.swift */,
			);
			path = Sources;
			sourceTree = "<group>";
		};
		76A2032428FC5DE50055727E /* Resources */ = {
			isa = PBXGroup;
			children = (
				76A2031828FC5DD20055727E /* Assets.xcassets */,
				76E7DD19292A1F2400CF21DC /* Main.storyboard */,
			);
			path = Resources;
			sourceTree = "<group>";
		};
		76A2032528FC5DED0055727E /* Supporting Files */ = {
			isa = PBXGroup;
			children = (
				76A2031D28FC5DD20055727E /* Info.plist */,
			);
			path = "Supporting Files";
			sourceTree = "<group>";
		};
		76A2032628FC644F0055727E /* Home */ = {
			isa = PBXGroup;
			children = (
				76A2032728FC66550055727E /* ViewController */,
				76A2032828FC665E0055727E /* View */,
			);
			path = Home;
			sourceTree = "<group>";
		};
		76A2032728FC66550055727E /* ViewController */ = {
			isa = PBXGroup;
			children = (
				76A2031328FC5DD00055727E /* HomeVC.swift */,
			);
			path = ViewController;
			sourceTree = "<group>";
		};
		76A2032828FC665E0055727E /* View */ = {
			isa = PBXGroup;
			children = (
				76A2032928FC667B0055727E /* TodoListCell.swift */,
			);
			path = View;
			sourceTree = "<group>";
		};
		76E7DD14292A1BD400CF21DC /* Base */ = {
			isa = PBXGroup;
			children = (
				76E7DD16292A1BF400CF21DC /* BaseVC.swift */,
			);
			path = Base;
			sourceTree = "<group>";
		};
		76E7DD15292A1BE200CF21DC /* Presentation */ = {
			isa = PBXGroup;
			children = (
				76E7DD4C292A791700CF21DC /* CommonView */,
				76E7DD3D292A62AB00CF21DC /* Login */,
				76E7DD48292A771800CF21DC /* Register */,
				76A2032628FC644F0055727E /* Home */,
				76E7DD50292A801200CF21DC /* DetailTodo */,
			);
			path = Presentation;
			sourceTree = "<group>";
		};
		76E7DD18292A1D2300CF21DC /* Extensions */ = {
			isa = PBXGroup;
			children = (
				76E7DD1B292A229600CF21DC /* UIViewController++.swift */,
				76E7DD42292A63DF00CF21DC /* UIView++.swift */,
				76E7DD46292A686500CF21DC /* UITextField++.swift */,
				76E7DD55292A914800CF21DC /* String++.swift */,
				76E7DD5C292A93EB00CF21DC /* UIColor++.swift */,
			);
			path = Extensions;
			sourceTree = "<group>";
		};
		76E7DD21292A44F700CF21DC /* Model */ = {
			isa = PBXGroup;
			children = (
				76E7DD24292A531200CF21DC /* Member.swift */,
				76E7DD22292A450200CF21DC /* Todo.swift */,
			);
			path = Model;
			sourceTree = "<group>";
		};
		76E7DD28292A543F00CF21DC /* Manager */ = {
			isa = PBXGroup;
			children = (
				76E7DD29292A544A00CF21DC /* LoginManager.swift */,
			);
			path = Manager;
			sourceTree = "<group>";
		};
		76E7DD2B292A58C100CF21DC /* Networking */ = {
			isa = PBXGroup;
			children = (
				76E7DD2C292A58E700CF21DC /* Address.swift */,
				76E7DD2E292A597300CF21DC /* ServiceAPI.swift */,
				76E7DD3B292A612100CF21DC /* BaseURL.swift */,
			);
			path = Networking;
			sourceTree = "<group>";
		};
		76E7DD3D292A62AB00CF21DC /* Login */ = {
			isa = PBXGroup;
			children = (
				76E7DD41292A63D000CF21DC /* View */,
				76E7DD40292A63B700CF21DC /* ViewController */,
			);
			path = Login;
			sourceTree = "<group>";
		};
		76E7DD40292A63B700CF21DC /* ViewController */ = {
			isa = PBXGroup;
			children = (
				76E7DD3E292A62BB00CF21DC /* LoginVC.swift */,
			);
			path = ViewController;
			sourceTree = "<group>";
		};
		76E7DD41292A63D000CF21DC /* View */ = {
			isa = PBXGroup;
			children = (
			);
			path = View;
			sourceTree = "<group>";
		};
		76E7DD48292A771800CF21DC /* Register */ = {
			isa = PBXGroup;
			children = (
				76E7DD4F292A79B000CF21DC /* View */,
				76E7DD49292A772C00CF21DC /* ViewController */,
			);
			path = Register;
			sourceTree = "<group>";
		};
		76E7DD49292A772C00CF21DC /* ViewController */ = {
			isa = PBXGroup;
			children = (
				76E7DD4A292A773C00CF21DC /* RegisterVC.swift */,
			);
			path = ViewController;
			sourceTree = "<group>";
		};
		76E7DD4C292A791700CF21DC /* CommonView */ = {
			isa = PBXGroup;
			children = (
				76E7DD44292A643900CF21DC /* InputView.swift */,
			);
			path = CommonView;
			sourceTree = "<group>";
		};
		76E7DD4F292A79B000CF21DC /* View */ = {
			isa = PBXGroup;
			children = (
			);
			path = View;
			sourceTree = "<group>";
		};
		76E7DD50292A801200CF21DC /* DetailTodo */ = {
			isa = PBXGroup;
			children = (
				76E7DD52292A806400CF21DC /* ViewController */,
				76E7DD51292A806000CF21DC /* View */,
			);
			path = DetailTodo;
			sourceTree = "<group>";
		};
		76E7DD51292A806000CF21DC /* View */ = {
			isa = PBXGroup;
			children = (
			);
			path = View;
			sourceTree = "<group>";
		};
		76E7DD52292A806400CF21DC /* ViewController */ = {
			isa = PBXGroup;
			children = (
				76E7DD53292A807600CF21DC /* DetailTodoVC.swift */,
			);
			path = ViewController;
			sourceTree = "<group>";
		};
		BF0FBB9C2C20DD6E684C3D75 /* Frameworks */ = {
			isa = PBXGroup;
			children = (
				03E7FA33A45EED0B04294BC1 /* Pods_TodoList.framework */,
			);
			name = Frameworks;
			sourceTree = "<group>";
		};
/* End PBXGroup section */

/* Begin PBXNativeTarget section */
		76A2030B28FC5DD00055727E /* TodoList */ = {
			isa = PBXNativeTarget;
			buildConfigurationList = 76A2032028FC5DD20055727E /* Build configuration list for PBXNativeTarget "TodoList" */;
			buildPhases = (
				93E6D8BCF35080CF82AAE30D /* [CP] Check Pods Manifest.lock */,
				76A2030828FC5DD00055727E /* Sources */,
				76A2030928FC5DD00055727E /* Frameworks */,
				76A2030A28FC5DD00055727E /* Resources */,
				633472EA68B18D5543034CCB /* [CP] Embed Pods Frameworks */,
			);
			buildRules = (
			);
			dependencies = (
			);
			name = TodoList;
			productName = TodoList;
			productReference = 76A2030C28FC5DD00055727E /* TodoList.app */;
			productType = "com.apple.product-type.application";
		};
/* End PBXNativeTarget section */

/* Begin PBXProject section */
		76A2030428FC5DD00055727E /* Project object */ = {
			isa = PBXProject;
			attributes = {
				BuildIndependentTargetsInParallel = 1;
				LastSwiftUpdateCheck = 1340;
				LastUpgradeCheck = 1340;
				TargetAttributes = {
					76A2030B28FC5DD00055727E = {
						CreatedOnToolsVersion = 13.4.1;
					};
				};
			};
			buildConfigurationList = 76A2030728FC5DD00055727E /* Build configuration list for PBXProject "TodoList" */;
			compatibilityVersion = "Xcode 13.0";
			developmentRegion = en;
			hasScannedForEncodings = 0;
			knownRegions = (
				en,
				Base,
			);
			mainGroup = 76A2030328FC5DD00055727E;
			productRefGroup = 76A2030D28FC5DD00055727E /* Products */;
			projectDirPath = "";
			projectRoot = "";
			targets = (
				76A2030B28FC5DD00055727E /* TodoList */,
			);
		};
/* End PBXProject section */

/* Begin PBXResourcesBuildPhase section */
		76A2030A28FC5DD00055727E /* Resources */ = {
			isa = PBXResourcesBuildPhase;
			buildActionMask = 2147483647;
			files = (
				76A2031928FC5DD20055727E /* Assets.xcassets in Resources */,
				76E7DD1A292A1F2400CF21DC /* Main.storyboard in Resources */,
			);
			runOnlyForDeploymentPostprocessing = 0;
		};
/* End PBXResourcesBuildPhase section */

/* Begin PBXShellScriptBuildPhase section */
		633472EA68B18D5543034CCB /* [CP] Embed Pods Frameworks */ = {
			isa = PBXShellScriptBuildPhase;
			buildActionMask = 2147483647;
			files = (
			);
			inputFileListPaths = (
				"${PODS_ROOT}/Target Support Files/Pods-TodoList/Pods-TodoList-frameworks-${CONFIGURATION}-input-files.xcfilelist",
			);
			name = "[CP] Embed Pods Frameworks";
			outputFileListPaths = (
				"${PODS_ROOT}/Target Support Files/Pods-TodoList/Pods-TodoList-frameworks-${CONFIGURATION}-output-files.xcfilelist",
			);
			runOnlyForDeploymentPostprocessing = 0;
			shellPath = /bin/sh;
			shellScript = "\"${PODS_ROOT}/Target Support Files/Pods-TodoList/Pods-TodoList-frameworks.sh\"\n";
			showEnvVarsInLog = 0;
		};
		93E6D8BCF35080CF82AAE30D /* [CP] Check Pods Manifest.lock */ = {
			isa = PBXShellScriptBuildPhase;
			buildActionMask = 2147483647;
			files = (
			);
			inputFileListPaths = (
			);
			inputPaths = (
				"${PODS_PODFILE_DIR_PATH}/Podfile.lock",
				"${PODS_ROOT}/Manifest.lock",
			);
			name = "[CP] Check Pods Manifest.lock";
			outputFileListPaths = (
			);
			outputPaths = (
				"$(DERIVED_FILE_DIR)/Pods-TodoList-checkManifestLockResult.txt",
			);
			runOnlyForDeploymentPostprocessing = 0;
			shellPath = /bin/sh;
			shellScript = "diff \"${PODS_PODFILE_DIR_PATH}/Podfile.lock\" \"${PODS_ROOT}/Manifest.lock\" > /dev/null\nif [ $? != 0 ] ; then\n    # print error to STDERR\n    echo \"error: The sandbox is not in sync with the Podfile.lock. Run 'pod install' or update your CocoaPods installation.\" >&2\n    exit 1\nfi\n# This output is used by Xcode 'outputs' to avoid re-running this script phase.\necho \"SUCCESS\" > \"${SCRIPT_OUTPUT_FILE_0}\"\n";
			showEnvVarsInLog = 0;
		};
/* End PBXShellScriptBuildPhase section */

/* Begin PBXSourcesBuildPhase section */
		76A2030828FC5DD00055727E /* Sources */ = {
			isa = PBXSourcesBuildPhase;
			buildActionMask = 2147483647;
			files = (
				76A2031428FC5DD00055727E /* HomeVC.swift in Sources */,
				76E7DD54292A807600CF21DC /* DetailTodoVC.swift in Sources */,
				76A2032B28FC667B0055727E /* TodoListCell.swift in Sources */,
				76E7DD3F292A62BB00CF21DC /* LoginVC.swift in Sources */,
				76E7DD47292A686500CF21DC /* UITextField++.swift in Sources */,
				76E7DD45292A643900CF21DC /* InputView.swift in Sources */,
				76E7DD23292A450200CF21DC /* Todo.swift in Sources */,
				76E7DD1C292A229600CF21DC /* UIViewController++.swift in Sources */,
				76E7DD3C292A612100CF21DC /* BaseURL.swift in Sources */,
				76E7DD56292A914800CF21DC /* String++.swift in Sources */,
				76E7DD2A292A544A00CF21DC /* LoginManager.swift in Sources */,
				76E7DD43292A63DF00CF21DC /* UIView++.swift in Sources */,
				76A2031028FC5DD00055727E /* AppDelegate.swift in Sources */,
				76A2031228FC5DD00055727E /* SceneDelegate.swift in Sources */,
				76E7DD17292A1BF400CF21DC /* BaseVC.swift in Sources */,
				76E7DD2D292A58E700CF21DC /* Address.swift in Sources */,
				76E7DD5D292A93EB00CF21DC /* UIColor++.swift in Sources */,
				76E7DD4B292A773C00CF21DC /* RegisterVC.swift in Sources */,
				76E7DD2F292A597300CF21DC /* ServiceAPI.swift in Sources */,
				76E7DD25292A531200CF21DC /* Member.swift in Sources */,
			);
			runOnlyForDeploymentPostprocessing = 0;
		};
/* End PBXSourcesBuildPhase section */

/* Begin XCBuildConfiguration section */
		76A2031E28FC5DD20055727E /* Debug */ = {
			isa = XCBuildConfiguration;
			buildSettings = {
				ALWAYS_SEARCH_USER_PATHS = NO;
				CLANG_ANALYZER_NONNULL = YES;
				CLANG_ANALYZER_NUMBER_OBJECT_CONVERSION = YES_AGGRESSIVE;
				CLANG_CXX_LANGUAGE_STANDARD = "gnu++17";
				CLANG_ENABLE_MODULES = YES;
				CLANG_ENABLE_OBJC_ARC = YES;
				CLANG_ENABLE_OBJC_WEAK = YES;
				CLANG_WARN_BLOCK_CAPTURE_AUTORELEASING = YES;
				CLANG_WARN_BOOL_CONVERSION = YES;
				CLANG_WARN_COMMA = YES;
				CLANG_WARN_CONSTANT_CONVERSION = YES;
				CLANG_WARN_DEPRECATED_OBJC_IMPLEMENTATIONS = YES;
				CLANG_WARN_DIRECT_OBJC_ISA_USAGE = YES_ERROR;
				CLANG_WARN_DOCUMENTATION_COMMENTS = YES;
				CLANG_WARN_EMPTY_BODY = YES;
				CLANG_WARN_ENUM_CONVERSION = YES;
				CLANG_WARN_INFINITE_RECURSION = YES;
				CLANG_WARN_INT_CONVERSION = YES;
				CLANG_WARN_NON_LITERAL_NULL_CONVERSION = YES;
				CLANG_WARN_OBJC_IMPLICIT_RETAIN_SELF = YES;
				CLANG_WARN_OBJC_LITERAL_CONVERSION = YES;
				CLANG_WARN_OBJC_ROOT_CLASS = YES_ERROR;
				CLANG_WARN_QUOTED_INCLUDE_IN_FRAMEWORK_HEADER = YES;
				CLANG_WARN_RANGE_LOOP_ANALYSIS = YES;
				CLANG_WARN_STRICT_PROTOTYPES = YES;
				CLANG_WARN_SUSPICIOUS_MOVE = YES;
				CLANG_WARN_UNGUARDED_AVAILABILITY = YES_AGGRESSIVE;
				CLANG_WARN_UNREACHABLE_CODE = YES;
				CLANG_WARN__DUPLICATE_METHOD_MATCH = YES;
				COPY_PHASE_STRIP = NO;
				DEBUG_INFORMATION_FORMAT = dwarf;
				ENABLE_STRICT_OBJC_MSGSEND = YES;
				ENABLE_TESTABILITY = YES;
				GCC_C_LANGUAGE_STANDARD = gnu11;
				GCC_DYNAMIC_NO_PIC = NO;
				GCC_NO_COMMON_BLOCKS = YES;
				GCC_OPTIMIZATION_LEVEL = 0;
				GCC_PREPROCESSOR_DEFINITIONS = (
					"DEBUG=1",
					"$(inherited)",
				);
				GCC_WARN_64_TO_32_BIT_CONVERSION = YES;
				GCC_WARN_ABOUT_RETURN_TYPE = YES_ERROR;
				GCC_WARN_UNDECLARED_SELECTOR = YES;
				GCC_WARN_UNINITIALIZED_AUTOS = YES_AGGRESSIVE;
				GCC_WARN_UNUSED_FUNCTION = YES;
				GCC_WARN_UNUSED_VARIABLE = YES;
				IPHONEOS_DEPLOYMENT_TARGET = 15.5;
				MTL_ENABLE_DEBUG_INFO = INCLUDE_SOURCE;
				MTL_FAST_MATH = YES;
				ONLY_ACTIVE_ARCH = YES;
				SDKROOT = iphoneos;
				SWIFT_ACTIVE_COMPILATION_CONDITIONS = DEBUG;
				SWIFT_OPTIMIZATION_LEVEL = "-Onone";
			};
			name = Debug;
		};
		76A2031F28FC5DD20055727E /* Release */ = {
			isa = XCBuildConfiguration;
			buildSettings = {
				ALWAYS_SEARCH_USER_PATHS = NO;
				CLANG_ANALYZER_NONNULL = YES;
				CLANG_ANALYZER_NUMBER_OBJECT_CONVERSION = YES_AGGRESSIVE;
				CLANG_CXX_LANGUAGE_STANDARD = "gnu++17";
				CLANG_ENABLE_MODULES = YES;
				CLANG_ENABLE_OBJC_ARC = YES;
				CLANG_ENABLE_OBJC_WEAK = YES;
				CLANG_WARN_BLOCK_CAPTURE_AUTORELEASING = YES;
				CLANG_WARN_BOOL_CONVERSION = YES;
				CLANG_WARN_COMMA = YES;
				CLANG_WARN_CONSTANT_CONVERSION = YES;
				CLANG_WARN_DEPRECATED_OBJC_IMPLEMENTATIONS = YES;
				CLANG_WARN_DIRECT_OBJC_ISA_USAGE = YES_ERROR;
				CLANG_WARN_DOCUMENTATION_COMMENTS = YES;
				CLANG_WARN_EMPTY_BODY = YES;
				CLANG_WARN_ENUM_CONVERSION = YES;
				CLANG_WARN_INFINITE_RECURSION = YES;
				CLANG_WARN_INT_CONVERSION = YES;
				CLANG_WARN_NON_LITERAL_NULL_CONVERSION = YES;
				CLANG_WARN_OBJC_IMPLICIT_RETAIN_SELF = YES;
				CLANG_WARN_OBJC_LITERAL_CONVERSION = YES;
				CLANG_WARN_OBJC_ROOT_CLASS = YES_ERROR;
				CLANG_WARN_QUOTED_INCLUDE_IN_FRAMEWORK_HEADER = YES;
				CLANG_WARN_RANGE_LOOP_ANALYSIS = YES;
				CLANG_WARN_STRICT_PROTOTYPES = YES;
				CLANG_WARN_SUSPICIOUS_MOVE = YES;
				CLANG_WARN_UNGUARDED_AVAILABILITY = YES_AGGRESSIVE;
				CLANG_WARN_UNREACHABLE_CODE = YES;
				CLANG_WARN__DUPLICATE_METHOD_MATCH = YES;
				COPY_PHASE_STRIP = NO;
				DEBUG_INFORMATION_FORMAT = "dwarf-with-dsym";
				ENABLE_NS_ASSERTIONS = NO;
				ENABLE_STRICT_OBJC_MSGSEND = YES;
				GCC_C_LANGUAGE_STANDARD = gnu11;
				GCC_NO_COMMON_BLOCKS = YES;
				GCC_WARN_64_TO_32_BIT_CONVERSION = YES;
				GCC_WARN_ABOUT_RETURN_TYPE = YES_ERROR;
				GCC_WARN_UNDECLARED_SELECTOR = YES;
				GCC_WARN_UNINITIALIZED_AUTOS = YES_AGGRESSIVE;
				GCC_WARN_UNUSED_FUNCTION = YES;
				GCC_WARN_UNUSED_VARIABLE = YES;
				IPHONEOS_DEPLOYMENT_TARGET = 15.5;
				MTL_ENABLE_DEBUG_INFO = NO;
				MTL_FAST_MATH = YES;
				SDKROOT = iphoneos;
				SWIFT_COMPILATION_MODE = wholemodule;
				SWIFT_OPTIMIZATION_LEVEL = "-O";
				VALIDATE_PRODUCT = YES;
			};
			name = Release;
		};
		76A2032128FC5DD20055727E /* Debug */ = {
			isa = XCBuildConfiguration;
			baseConfigurationReference = A6532AC127295B55142A5E53 /* Pods-TodoList.debug.xcconfig */;
			buildSettings = {
				ASSETCATALOG_COMPILER_APPICON_NAME = AppIcon;
				ASSETCATALOG_COMPILER_GLOBAL_ACCENT_COLOR_NAME = AccentColor;
				CODE_SIGN_STYLE = Automatic;
				CURRENT_PROJECT_VERSION = 1;
				DEVELOPMENT_TEAM = Y7PRM9H29K;
				GENERATE_INFOPLIST_FILE = YES;
				INFOPLIST_FILE = "TodoList/Supporting Files/Info.plist";
				INFOPLIST_KEY_UIApplicationSupportsIndirectInputEvents = YES;
				INFOPLIST_KEY_UILaunchStoryboardName = LaunchScreen;
				INFOPLIST_KEY_UIMainStoryboardFile = Main;
				INFOPLIST_KEY_UISupportedInterfaceOrientations_iPad = "UIInterfaceOrientationPortrait UIInterfaceOrientationPortraitUpsideDown UIInterfaceOrientationLandscapeLeft UIInterfaceOrientationLandscapeRight";
				INFOPLIST_KEY_UISupportedInterfaceOrientations_iPhone = "UIInterfaceOrientationPortrait UIInterfaceOrientationLandscapeLeft UIInterfaceOrientationLandscapeRight";
				LD_RUNPATH_SEARCH_PATHS = (
					"$(inherited)",
					"@executable_path/Frameworks",
				);
				MARKETING_VERSION = 1.0;
				PRODUCT_BUNDLE_IDENTIFIER = com.ojun.TodoList;
				PRODUCT_NAME = "$(TARGET_NAME)";
				SWIFT_EMIT_LOC_STRINGS = YES;
				SWIFT_VERSION = 5.0;
				TARGETED_DEVICE_FAMILY = "1,2";
			};
			name = Debug;
		};
		76A2032228FC5DD20055727E /* Release */ = {
			isa = XCBuildConfiguration;
			baseConfigurationReference = 80DAA40666FA62B48F59E73A /* Pods-TodoList.release.xcconfig */;
			buildSettings = {
				ASSETCATALOG_COMPILER_APPICON_NAME = AppIcon;
				ASSETCATALOG_COMPILER_GLOBAL_ACCENT_COLOR_NAME = AccentColor;
				CODE_SIGN_STYLE = Automatic;
				CURRENT_PROJECT_VERSION = 1;
				DEVELOPMENT_TEAM = Y7PRM9H29K;
				GENERATE_INFOPLIST_FILE = YES;
				INFOPLIST_FILE = "TodoList/Supporting Files/Info.plist";
				INFOPLIST_KEY_UIApplicationSupportsIndirectInputEvents = YES;
				INFOPLIST_KEY_UILaunchStoryboardName = LaunchScreen;
				INFOPLIST_KEY_UIMainStoryboardFile = Main;
				INFOPLIST_KEY_UISupportedInterfaceOrientations_iPad = "UIInterfaceOrientationPortrait UIInterfaceOrientationPortraitUpsideDown UIInterfaceOrientationLandscapeLeft UIInterfaceOrientationLandscapeRight";
				INFOPLIST_KEY_UISupportedInterfaceOrientations_iPhone = "UIInterfaceOrientationPortrait UIInterfaceOrientationLandscapeLeft UIInterfaceOrientationLandscapeRight";
				LD_RUNPATH_SEARCH_PATHS = (
					"$(inherited)",
					"@executable_path/Frameworks",
				);
				MARKETING_VERSION = 1.0;
				PRODUCT_BUNDLE_IDENTIFIER = com.ojun.TodoList;
				PRODUCT_NAME = "$(TARGET_NAME)";
				SWIFT_EMIT_LOC_STRINGS = YES;
				SWIFT_VERSION = 5.0;
				TARGETED_DEVICE_FAMILY = "1,2";
			};
			name = Release;
		};
/* End XCBuildConfiguration section */

/* Begin XCConfigurationList section */
		76A2030728FC5DD00055727E /* Build configuration list for PBXProject "TodoList" */ = {
			isa = XCConfigurationList;
			buildConfigurations = (
				76A2031E28FC5DD20055727E /* Debug */,
				76A2031F28FC5DD20055727E /* Release */,
			);
			defaultConfigurationIsVisible = 0;
			defaultConfigurationName = Release;
		};
		76A2032028FC5DD20055727E /* Build configuration list for PBXNativeTarget "TodoList" */ = {
			isa = XCConfigurationList;
			buildConfigurations = (
				76A2032128FC5DD20055727E /* Debug */,
				76A2032228FC5DD20055727E /* Release */,
			);
			defaultConfigurationIsVisible = 0;
			defaultConfigurationName = Release;
		};
/* End XCConfigurationList section */
	};
	rootObject = 76A2030428FC5DD00055727E /* Project object */;
}
